
Microsoft Visual Studio Solution File, Format Version 12.00
# Visual Studio Version 16
VisualStudioVersion = 16.0.29411.138
MinimumVisualStudioVersion = 10.0.40219.1
Project("{FAE04EC0-301F-11D3-BF4B-00C04F79EFBC}") = "Calculator_Core_3.0", "Calculator_Core_3.0\Calculator_Core_3.0.csproj", "{07E2E4CD-11DA-4A1D-85E3-7697516C24BD}"
EndProject
Global
	GlobalSection(SolutionConfigurationPlatforms) = preSolution
		Debug|Any CPU = Debug|Any CPU
		Release|Any CPU = Release|Any CPU
	EndGlobalSection
	GlobalSection(ProjectConfigurationPlatforms) = postSolution
		{07E2E4CD-11DA-4A1D-85E3-7697516C24BD}.Debug|Any CPU.ActiveCfg = Debug|Any CPU
		{07E2E4CD-11DA-4A1D-85E3-7697516C24BD}.Debug|Any CPU.Build.0 = Debug|Any CPU
		{07E2E4CD-11DA-4A1D-85E3-7697516C24BD}.Release|Any CPU.ActiveCfg = Release|Any CPU
		{07E2E4CD-11DA-4A1D-85E3-7697516C24BD}.Release|Any CPU.Build.0 = Release|Any CPU
	EndGlobalSection
	GlobalSection(SolutionProperties) = preSolution
		HideSolutionNode = FALSE
	EndGlobalSection
	GlobalSection(ExtensibilityGlobals) = postSolution
		SolutionGuid = {1E3324FA-B058-41C6-87D6-871B44E2AB6F}
	EndGlobalSection
EndGlobal
